
Microsoft Visual Studio Solution File, Format Version 12.00
# Visual Studio Version 17
VisualStudioVersion = 17.14.37314.3
MinimumVisualStudioVersion = 10.0.40219.1
Project("{FAE04EC0-301F-11D3-BF4B-00C04F79EFBC}") = "BasicConcepts", "BasicConcepts\BasicConcepts.csproj", "{8121088B-977E-40E3-98A8-8CC14902428C}"
EndProject
Project("{FAE04EC0-301F-11D3-BF4B-00C04F79EFBC}") = "RectangleArea", "RectangleArea\RectangleArea.csproj", "{E07F0AC5-6F87-4D17-98C0-5BDAE462D58D}"
EndProject
Project("{FAE04EC0-301F-11D3-BF4B-00C04F79EFBC}") = "Circle", "Circle\Circle.csproj", "{A57E2ACF-B237-4F81-9AD2-F42E48E78C32}"
EndProject
Project("{FAE04EC0-301F-11D3-BF4B-00C04F79EFBC}") = "IFCondition", "IFCondition\IFCondition.csproj", "{31E08339-C93F-4F55-AF5B-D0E01C66C62F}"
EndProject
Global
	GlobalSection(SolutionConfigurationPlatforms) = preSolution
		Debug|Any CPU = Debug|Any CPU
		Release|Any CPU = Release|Any CPU
	EndGlobalSection
	GlobalSection(ProjectConfigurationPlatforms) = postSolution
		{8121088B-977E-40E3-98A8-8CC14902428C}.Debug|Any CPU.ActiveCfg = Debug|Any CPU
		{8121088B-977E-40E3-98A8-8CC14902428C}.Debug|Any CPU.Build.0 = Debug|Any CPU
		{8121088B-977E-40E3-98A8-8CC14902428C}.Release|Any CPU.ActiveCfg = Release|Any CPU
		{8121088B-977E-40E3-98A8-8CC14902428C}.Release|Any CPU.Build.0 = Release|Any CPU
		{E07F0AC5-6F87-4D17-98C0-5BDAE462D58D}.Debug|Any CPU.ActiveCfg = Debug|Any CPU
		{E07F0AC5-6F87-4D17-98C0-5BDAE462D58D}.Debug|Any CPU.Build.0 = Debug|Any CPU
		{E07F0AC5-6F87-4D17-98C0-5BDAE462D58D}.Release|Any CPU.ActiveCfg = Release|Any CPU
		{E07F0AC5-6F87-4D17-98C0-5BDAE462D58D}.Release|Any CPU.Build.0 = Release|Any CPU
		{A57E2ACF-B237-4F81-9AD2-F42E48E78C32}.Debug|Any CPU.ActiveCfg = Debug|Any CPU
		{A57E2ACF-B237-4F81-9AD2-F42E48E78C32}.Debug|Any CPU.Build.0 = Debug|Any CPU
		{A57E2ACF-B237-4F81-9AD2-F42E48E78C32}.Release|Any CPU.ActiveCfg = Release|Any CPU
		{A57E2ACF-B237-4F81-9AD2-F42E48E78C32}.Release|Any CPU.Build.0 = Release|Any CPU
		{31E08339-C93F-4F55-AF5B-D0E01C66C62F}.Debug|Any CPU.ActiveCfg = Debug|Any CPU
		{31E08339-C93F-4F55-AF5B-D0E01C66C62F}.Debug|Any CPU.Build.0 = Debug|Any CPU
		{31E08339-C93F-4F55-AF5B-D0E01C66C62F}.Release|Any CPU.ActiveCfg = Release|Any CPU
		{31E08339-C93F-4F55-AF5B-D0E01C66C62F}.Release|Any CPU.Build.0 = Release|Any CPU
	EndGlobalSection
	GlobalSection(SolutionProperties) = preSolution
		HideSolutionNode = FALSE
	EndGlobalSection
	GlobalSection(ExtensibilityGlobals) = postSolution
		SolutionGuid = {BCF0BC10-30EF-4F31-B5E0-BCCFF643D9CE}
	EndGlobalSection
EndGlobal
